
Microsoft Visual Studio Solution File, Format Version 12.00
Project("{FAE04EC0-301F-11D3-BF4B-00C04F79EFBC}") = "Client", "Client\Client.csproj", "{94EE2396-2FA5-4FC1-8676-8F409BCC967C}"
EndProject
Project("{FAE04EC0-301F-11D3-BF4B-00C04F79EFBC}") = "Domain", "Domain\Domain.csproj", "{81CC91A7-7D7D-4F4D-8F6F-BD1DE883A36D}"
EndProject
Global
	GlobalSection(SolutionConfigurationPlatforms) = preSolution
		Debug|Any CPU = Debug|Any CPU
		Release|Any CPU = Release|Any CPU
	EndGlobalSection
	GlobalSection(ProjectConfigurationPlatforms) = postSolution
		{94EE2396-2FA5-4FC1-8676-8F409BCC967C}.Debug|Any CPU.ActiveCfg = Debug|Any CPU
		{94EE2396-2FA5-4FC1-8676-8F409BCC967C}.Debug|Any CPU.Build.0 = Debug|Any CPU
		{94EE2396-2FA5-4FC1-8676-8F409BCC967C}.Release|Any CPU.ActiveCfg = Release|Any CPU
		{94EE2396-2FA5-4FC1-8676-8F409BCC967C}.Release|Any CPU.Build.0 = Release|Any CPU
		{81CC91A7-7D7D-4F4D-8F6F-BD1DE883A36D}.Debug|Any CPU.ActiveCfg = Debug|Any CPU
		{81CC91A7-7D7D-4F4D-8F6F-BD1DE883A36D}.Debug|Any CPU.Build.0 = Debug|Any CPU
		{81CC91A7-7D7D-4F4D-8F6F-BD1DE883A36D}.Release|Any CPU.ActiveCfg = Release|Any CPU
		{81CC91A7-7D7D-4F4D-8F6F-BD1DE883A36D}.Release|Any CPU.Build.0 = Release|Any CPU
	EndGlobalSection
EndGlobal
